
Microsoft Visual Studio Solution File, Format Version 12.00
# Visual Studio Version 17
VisualStudioVersion = 17.3.32901.215
MinimumVisualStudioVersion = 10.0.40219.1
Project("{9A19103F-16F7-4668-BE54-9A1E7A4F7556}") = "SOLID Principle", "SOLID Principle\SOLID Principle.csproj", "{6E40DBBE-038F-4C8C-B8E7-415D867B919F}"
EndProject
Project("{FAE04EC0-301F-11D3-BF4B-00C04F79EFBC}") = "BadImplementation", "Badimplementation\BadImplementation.csproj", "{3C1B34D2-DEFD-4243-B3E4-4D32A28184C2}"
EndProject
Project("{FAE04EC0-301F-11D3-BF4B-00C04F79EFBC}") = "ProperImplemention", "SRPimplemention\ProperImplemention.csproj", "{B2FDAD4D-4FC6-4F19-B4E9-C1411320D18D}"
EndProject
Global
	GlobalSection(SolutionConfigurationPlatforms) = preSolution
		Debug|Any CPU = Debug|Any CPU
		Release|Any CPU = Release|Any CPU
	EndGlobalSection
	GlobalSection(ProjectConfigurationPlatforms) = postSolution
		{6E40DBBE-038F-4C8C-B8E7-415D867B919F}.Debug|Any CPU.ActiveCfg = Debug|Any CPU
		{6E40DBBE-038F-4C8C-B8E7-415D867B919F}.Debug|Any CPU.Build.0 = Debug|Any CPU
		{6E40DBBE-038F-4C8C-B8E7-415D867B919F}.Release|Any CPU.ActiveCfg = Release|Any CPU
		{6E40DBBE-038F-4C8C-B8E7-415D867B919F}.Release|Any CPU.Build.0 = Release|Any CPU
		{3C1B34D2-DEFD-4243-B3E4-4D32A28184C2}.Debug|Any CPU.ActiveCfg = Debug|Any CPU
		{3C1B34D2-DEFD-4243-B3E4-4D32A28184C2}.Debug|Any CPU.Build.0 = Debug|Any CPU
		{3C1B34D2-DEFD-4243-B3E4-4D32A28184C2}.Release|Any CPU.ActiveCfg = Release|Any CPU
		{3C1B34D2-DEFD-4243-B3E4-4D32A28184C2}.Release|Any CPU.Build.0 = Release|Any CPU
		{B2FDAD4D-4FC6-4F19-B4E9-C1411320D18D}.Debug|Any CPU.ActiveCfg = Debug|Any CPU
		{B2FDAD4D-4FC6-4F19-B4E9-C1411320D18D}.Debug|Any CPU.Build.0 = Debug|Any CPU
		{B2FDAD4D-4FC6-4F19-B4E9-C1411320D18D}.Release|Any CPU.ActiveCfg = Release|Any CPU
		{B2FDAD4D-4FC6-4F19-B4E9-C1411320D18D}.Release|Any CPU.Build.0 = Release|Any CPU
	EndGlobalSection
	GlobalSection(SolutionProperties) = preSolution
		HideSolutionNode = FALSE
	EndGlobalSection
	GlobalSection(ExtensibilityGlobals) = postSolution
		SolutionGuid = {6829BC8F-5EE5-49BA-B85E-D2ACFFD95675}
	EndGlobalSection
EndGlobal
