
Microsoft Visual Studio Solution File, Format Version 12.00
# Visual Studio Version 17
VisualStudioVersion = 17.1.32414.318
MinimumVisualStudioVersion = 10.0.40219.1
Project("{FAE04EC0-301F-11D3-BF4B-00C04F79EFBC}") = "ISPTest", "ISPTest\ISPTest.csproj", "{3206D70A-8B8A-4A42-BBB7-62272ADC728C}"
EndProject
Project("{FAE04EC0-301F-11D3-BF4B-00C04F79EFBC}") = "BadImplemtation", "BadImplemtation\BadImplemtation.csproj", "{F84FA2A2-AF0D-46BD-B068-5CEC8D5B5D21}"
EndProject
Project("{FAE04EC0-301F-11D3-BF4B-00C04F79EFBC}") = "GoodImplementation", "GoodImplementation\GoodImplementation.csproj", "{BCECE885-AF78-4279-82AF-56C91DEDC040}"
EndProject
Global
	GlobalSection(SolutionConfigurationPlatforms) = preSolution
		Debug|Any CPU = Debug|Any CPU
		Release|Any CPU = Release|Any CPU
	EndGlobalSection
	GlobalSection(ProjectConfigurationPlatforms) = postSolution
		{3206D70A-8B8A-4A42-BBB7-62272ADC728C}.Debug|Any CPU.ActiveCfg = Debug|Any CPU
		{3206D70A-8B8A-4A42-BBB7-62272ADC728C}.Debug|Any CPU.Build.0 = Debug|Any CPU
		{3206D70A-8B8A-4A42-BBB7-62272ADC728C}.Release|Any CPU.ActiveCfg = Release|Any CPU
		{3206D70A-8B8A-4A42-BBB7-62272ADC728C}.Release|Any CPU.Build.0 = Release|Any CPU
		{F84FA2A2-AF0D-46BD-B068-5CEC8D5B5D21}.Debug|Any CPU.ActiveCfg = Debug|Any CPU
		{F84FA2A2-AF0D-46BD-B068-5CEC8D5B5D21}.Debug|Any CPU.Build.0 = Debug|Any CPU
		{F84FA2A2-AF0D-46BD-B068-5CEC8D5B5D21}.Release|Any CPU.ActiveCfg = Release|Any CPU
		{F84FA2A2-AF0D-46BD-B068-5CEC8D5B5D21}.Release|Any CPU.Build.0 = Release|Any CPU
		{BCECE885-AF78-4279-82AF-56C91DEDC040}.Debug|Any CPU.ActiveCfg = Debug|Any CPU
		{BCECE885-AF78-4279-82AF-56C91DEDC040}.Debug|Any CPU.Build.0 = Debug|Any CPU
		{BCECE885-AF78-4279-82AF-56C91DEDC040}.Release|Any CPU.ActiveCfg = Release|Any CPU
		{BCECE885-AF78-4279-82AF-56C91DEDC040}.Release|Any CPU.Build.0 = Release|Any CPU
	EndGlobalSection
	GlobalSection(SolutionProperties) = preSolution
		HideSolutionNode = FALSE
	EndGlobalSection
	GlobalSection(ExtensibilityGlobals) = postSolution
		SolutionGuid = {6828F177-3E46-41FF-910F-EC1A223CC077}
	EndGlobalSection
EndGlobal
