
Microsoft Visual Studio Solution File, Format Version 12.00
# Visual Studio Version 17
VisualStudioVersion = 17.1.32414.318
MinimumVisualStudioVersion = 10.0.40219.1
Project("{FAE04EC0-301F-11D3-BF4B-00C04F79EFBC}") = "DSPTest", "DSPTest\DSPTest.csproj", "{3B9BD49A-9508-4103-85CF-AB812F4B10A9}"
EndProject
Project("{FAE04EC0-301F-11D3-BF4B-00C04F79EFBC}") = "BadImplementation", "BadImplementation\BadImplementation.csproj", "{FF99B17C-805C-4F7D-B71C-B8F172AC9526}"
EndProject
Project("{FAE04EC0-301F-11D3-BF4B-00C04F79EFBC}") = "GoodImplementation", "GoodImplementation\GoodImplementation.csproj", "{8CE83D93-1DD8-4494-ACFF-CDE1F9BD9060}"
EndProject
Global
	GlobalSection(SolutionConfigurationPlatforms) = preSolution
		Debug|Any CPU = Debug|Any CPU
		Release|Any CPU = Release|Any CPU
	EndGlobalSection
	GlobalSection(ProjectConfigurationPlatforms) = postSolution
		{3B9BD49A-9508-4103-85CF-AB812F4B10A9}.Debug|Any CPU.ActiveCfg = Debug|Any CPU
		{3B9BD49A-9508-4103-85CF-AB812F4B10A9}.Debug|Any CPU.Build.0 = Debug|Any CPU
		{3B9BD49A-9508-4103-85CF-AB812F4B10A9}.Release|Any CPU.ActiveCfg = Release|Any CPU
		{3B9BD49A-9508-4103-85CF-AB812F4B10A9}.Release|Any CPU.Build.0 = Release|Any CPU
		{FF99B17C-805C-4F7D-B71C-B8F172AC9526}.Debug|Any CPU.ActiveCfg = Debug|Any CPU
		{FF99B17C-805C-4F7D-B71C-B8F172AC9526}.Debug|Any CPU.Build.0 = Debug|Any CPU
		{FF99B17C-805C-4F7D-B71C-B8F172AC9526}.Release|Any CPU.ActiveCfg = Release|Any CPU
		{FF99B17C-805C-4F7D-B71C-B8F172AC9526}.Release|Any CPU.Build.0 = Release|Any CPU
		{8CE83D93-1DD8-4494-ACFF-CDE1F9BD9060}.Debug|Any CPU.ActiveCfg = Debug|Any CPU
		{8CE83D93-1DD8-4494-ACFF-CDE1F9BD9060}.Debug|Any CPU.Build.0 = Debug|Any CPU
		{8CE83D93-1DD8-4494-ACFF-CDE1F9BD9060}.Release|Any CPU.ActiveCfg = Release|Any CPU
		{8CE83D93-1DD8-4494-ACFF-CDE1F9BD9060}.Release|Any CPU.Build.0 = Release|Any CPU
	EndGlobalSection
	GlobalSection(SolutionProperties) = preSolution
		HideSolutionNode = FALSE
	EndGlobalSection
	GlobalSection(ExtensibilityGlobals) = postSolution
		SolutionGuid = {6EE2839A-B1E1-4C97-A856-D51ED39AA084}
	EndGlobalSection
EndGlobal
